hash: 9d48a0e430bc18b3be105e43c99118bca2857fca9628386be32ed43fd0e76013
updated: 2017-01-28T23:38:02.076757846+01:00
imports:
- name: github.com/beorn7/perks
  version: 3ac7bf7a47d159a033b107610db8a1b6575507a4
  subpackages:
  - quantile
- name: github.com/bradfitz/gomemcache
  version: 2fafb84a66c4911e11a8f50955b01e74fe3ab9c5
  subpackages:
  - memcache
- name: github.com/go-macaron/binding
  version: 48920167fa152d02f228cfbece7e0f1e452d200a
- name: github.com/go-macaron/cache
  version: 56173531277692bc2925924d51fda1cd0a6b8178
  subpackages:
  - memcache
  - redis
- name: github.com/go-macaron/inject
  version: d8a0b8677191f4380287cfebd08e462217bac7ad
- name: github.com/go-macaron/session
  version: b8a2b5ef7fb4c91c1c8ca23e2a52e29a4bcbb22f
  subpackages:
  - redis
- name: github.com/go-sql-driver/mysql
  version: 2e00b5cd70399450106cec6431c2e2ce3cae5034
- name: github.com/go-xorm/builder
  version: 867edcc549127f15667ece8876c3a60093c9634b
- name: github.com/go-xorm/core
  version: 2fbe2c76c6781d9e1c0398fc25386426e611f975
- name: github.com/go-xorm/tidb
  version: 21e49190ce47a766fa741cf7edc831a30c12c6ac
- name: github.com/go-xorm/xorm
  version: 445a934d32ed0934aedf0ef99b4b7c69b22f8e58
- name: github.com/gogits/chardet
  version: 2404f777256163ea3eadb273dada5dcb037993c0
- name: github.com/gogits/git-module
  version: df1013f8eb4dc70de90bc5597bf560a4b7da802e
- name: github.com/gogits/go-gogs-client
  version: 98046bb98061fc6baa5bb86359af0b7c300d384a
- name: github.com/gogits/go-libravatar
  version: cd1abbd55d09b793672732a7a1dfdaa12a40dfd0
- name: github.com/gogits/gogs
  version: 114c179e5a50e3313f7a5894100693805e64e440
  subpackages:
  - models
  - models/migrations
  - modules/auth/ldap
  - modules/auth/pam
  - modules/avatar
  - modules/base
  - modules/bindata
  - modules/httplib
  - modules/log
  - modules/mailer
  - modules/markdown
  - modules/process
  - modules/setting
  - modules/sync
  - modules/template/highlight
  - modules/user
- name: github.com/golang/protobuf
  version: 874264fbbb43f4d91e999fecb4b40143ed611400
  subpackages:
  - jsonpb
  - proto
- name: github.com/golang/snappy
  version: 723cc1e459b8eea2dea4583200fd60757d40097a
- name: github.com/issue9/identicon
  version: d36b54562f4cf70c83653e13dc95c220c79ef521
- name: github.com/jaytaylor/html2text
  version: d16d4129aab4e6be4497f4db898965f09b93b565
- name: github.com/juju/errors
  version: b2c7a7da5b2995941048f60146e67702a292e468
- name: github.com/kardianos/minwinsvc
  version: cad6b2b879b0970e4245a20ebf1a81a756e2bb70
- name: github.com/lib/pq
  version: 67c3f2a8884c9b1aac5503c8d42ae4f73a93511c
  subpackages:
  - oid
- name: github.com/mattn/go-sqlite3
  version: ce9149a3c941c30de51a01dbc5bc414ddaa52927
- name: github.com/matttproud/golang_protobuf_extensions
  version: c12348ce28de40eed0136aa2b644d0ee0650e56c
  subpackages:
  - pbutil
- name: github.com/mcuadros/go-version
  version: 257f7b9a7d87427c8d7f89469a5958d57f8abd7c
- name: github.com/microcosm-cc/bluemonday
  version: e79763773ab6222ca1d5a7cbd9d62d83c1f77081
- name: github.com/msteinert/pam
  version: 02ccfbfaf0cc627aa3aec8ef7ed5cfeec5b43f63
- name: github.com/nfnt/resize
  version: 891127d8d1b52734debe1b3c3d7e747502b6c366
- name: github.com/ngaut/log
  version: cec23d3e10b016363780d894a0eb732a12c06e02
- name: github.com/petar/GoLLRB
  version: 53be0d36a84c2a886ca057d34b6aa4468df9ccb4
  subpackages:
  - llrb
- name: github.com/pingcap/goleveldb
  version: 158edde5a354460121af007d02a00b01c8d03443
  subpackages:
  - leveldb
  - leveldb/cache
  - leveldb/comparer
  - leveldb/errors
  - leveldb/filter
  - leveldb/iterator
  - leveldb/journal
  - leveldb/memdb
  - leveldb/opt
  - leveldb/storage
  - leveldb/table
  - leveldb/util
- name: github.com/pingcap/tidb
  version: e68dcf77dc8120c6f061995390c7ab526d66a641
  subpackages:
  - ast
  - context
  - ddl
  - distsql
  - distsql/xeval
  - domain
  - executor
  - expression
  - infoschema
  - inspectkv
  - kv
  - meta
  - meta/autoid
  - model
  - mysql
  - parser
  - parser/opcode
  - perfschema
  - plan
  - plan/statistics
  - plan/statscache
  - privilege
  - privilege/privileges
  - sessionctx
  - sessionctx/binloginfo
  - sessionctx/variable
  - sessionctx/varsutil
  - store/localstore
  - store/localstore/engine
  - store/localstore/goleveldb
  - store/tikv/oracle
  - structure
  - table
  - table/tables
  - tablecodec
  - terror
  - util
  - util/charset
  - util/codec
  - util/hack
  - util/mock
  - util/segmentmap
  - util/sqlexec
  - util/stringutil
  - util/types
- name: github.com/pingcap/tipb
  version: 7be8865936fd4dfee0591913c31c07be11da5d19
  subpackages:
  - go-binlog
  - go-tipb
- name: github.com/prometheus/client_golang
  version: c5b7fccd204277076155f10851dad72b76a49317
  subpackages:
  - prometheus
  - prometheus/push
- name: github.com/prometheus/client_model
  version: fa8ad6fec33561be4280a8f0514318c79d7f6cb6
  subpackages:
  - go
- name: github.com/prometheus/common
  version: 4402f4e5ea79ec15f3c574773b6a5198fbea215f
  subpackages:
  - expfmt
  - internal/bitbucket.org/ww/goautoneg
  - model
- name: github.com/prometheus/procfs
  version: abf152e5f3e97f2fafac028d2cc06c1feb87ffa5
- name: github.com/russross/blackfriday
  version: 5f33e7b7878355cd2b7e6b8eefc48a5472c69f70
- name: github.com/satori/go.uuid
  version: b061729afc07e77a8aa4fad0a2fd840958f1942a
- name: github.com/sergi/go-diff
  version: 24e2351369ec4949b2ed0dc5c477afdd4c4034e8
  subpackages:
  - diffmatchpatch
- name: github.com/shurcooL/sanitized_anchor_name
  version: 1dba4b3954bc059efc3991ec364f9f9a35f597d2
- name: github.com/twinj/uuid
  version: 70cac2bcd273ef6a371bb96cde363d28b68734c3
- name: github.com/Unknwon/cae
  version: c6aac99ea2cae2ebaf23f26f76b04fe3fcfc9f8c
  subpackages:
  - zip
- name: github.com/Unknwon/com
  version: 28b053d5a2923b87ce8c5a08f3af779894a72758
- name: github.com/Unknwon/i18n
  version: 39d6f2727e0698b1021ceb6a77c1801aa92e7d5d
- name: golang.org/x/crypto
  version: 854ae91cdcbf914b499b1d7641d07859f3653481
  subpackages:
  - curve25519
  - ed25519
  - ed25519/internal/edwards25519
  - pbkdf2
  - ssh
- name: golang.org/x/net
  version: e90d6d0afc4c315a0d87a568ae68577cc15149a0
  subpackages:
  - context
  - html
  - html/atom
  - html/charset
  - http2
  - http2/hpack
  - internal/timeseries
  - lex/httplex
  - trace
- name: golang.org/x/sys
  version: 8d1157a435470616f975ff9bb013bea8d0962067
  subpackages:
  - windows
  - windows/svc
- name: golang.org/x/text
  version: 723492b65e225eafcba054e76ba18bb9c5ac1ea2
  subpackages:
  - encoding
  - encoding/charmap
  - encoding/htmlindex
  - encoding/internal
  - encoding/internal/identifier
  - encoding/japanese
  - encoding/korean
  - encoding/simplifiedchinese
  - encoding/traditionalchinese
  - encoding/unicode
  - language
  - transform
- name: google.golang.org/grpc
  version: 02fca896ff5f50c6bbbee0860345a49344b37a03
  subpackages:
  - codes
  - credentials
  - grpclog
  - internal
  - metadata
  - naming
  - peer
  - transport
- name: gopkg.in/alexcesaro/quotedprintable.v3
  version: 2caba252f4dc53eaf6b553000885530023f54623
- name: gopkg.in/asn1-ber.v1
  version: 4e86f4367175e39f69d9358a5f17b4dda270378d
- name: gopkg.in/bufio.v1
  version: 567b2bfa514e796916c4747494d6ff5132a1dfce
- name: gopkg.in/gomail.v2
  version: 81ebce5c23dfd25c6c67194b37d3dd3f338c98b1
- name: gopkg.in/ini.v1
  version: e3c2d47c61e5333f9aa2974695dd94396eb69c75
- name: gopkg.in/ldap.v2
  version: 8168ee085ee43257585e50c6441aadf54ecb2c9f
- name: gopkg.in/macaron.v1
  version: 78521e4647ad5dcbabd5734d94582ca2373cbad8
- name: gopkg.in/redis.v2
  version: e6179049628164864e6e84e973cfb56335748dea
testImports: []
