hash: 9c39ad397ca0ada9ff6bd2016c916e6c24a63b04ee1852a0e7a1e15f64541157
updated: 2017-01-29T02:26:17.023347664+01:00
imports:
- name: golang.org/x/crypto
  version: 854ae91cdcbf914b499b1d7641d07859f3653481
  subpackages:
  - curve25519
  - ed25519
  - ed25519/internal/edwards25519
  - ssh
testImports: []
